
Microsoft Visual Studio Solution File, Format Version 12.00
# Visual Studio 15
VisualStudioVersion = 15.0.27703.2042
MinimumVisualStudioVersion = 10.0.40219.1
Project("{FAE04EC0-301F-11D3-BF4B-00C04F79EFBC}") = "Api", "Api\Api.csproj", "{71432103-7661-4D23-94E7-2FD212FBF5FE}"
EndProject
Global
	GlobalSection(SolutionConfigurationPlatforms) = preSolution
		Debug|Any CPU = Debug|Any CPU
		Release|Any CPU = Release|Any CPU
	EndGlobalSection
	GlobalSection(ProjectConfigurationPlatforms) = postSolution
		{71432103-7661-4D23-94E7-2FD212FBF5FE}.Debug|Any CPU.ActiveCfg = Debug|Any CPU
		{71432103-7661-4D23-94E7-2FD212FBF5FE}.Debug|Any CPU.Build.0 = Debug|Any CPU
		{71432103-7661-4D23-94E7-2FD212FBF5FE}.Release|Any CPU.ActiveCfg = Release|Any CPU
		{71432103-7661-4D23-94E7-2FD212FBF5FE}.Release|Any CPU.Build.0 = Release|Any CPU
	EndGlobalSection
	GlobalSection(SolutionProperties) = preSolution
		HideSolutionNode = FALSE
	EndGlobalSection
	GlobalSection(ExtensibilityGlobals) = postSolution
		SolutionGuid = {49AA6CFF-B09C-4FD6-9F1D-E738354D570F}
	EndGlobalSection
EndGlobal
